PODS:
  - Alamofire (1.2.3)
  - Gloss (0.3.1):
    - Gloss/Extensions (= 0.3.1)
  - Gloss/Extensions (0.3.1)

DEPENDENCIES:
  - Alamofire (from `https://github.com/Alamofire/Alamofire.git`, commit `fd71afb3a0af2042b9f05a6b9f29317ad4903703`)
  - Gloss (~> 0.3)

EXTERNAL SOURCES:
  Alamofire:
    :commit: fd71afb3a0af2042b9f05a6b9f29317ad4903703
    :git: https://github.com/Alamofire/Alamofire.git

CHECKOUT OPTIONS:
  Alamofire:
    :commit: fd71afb3a0af2042b9f05a6b9f29317ad4903703
    :git: https://github.com/Alamofire/Alamofire.git

SPEC CHECKSUMS:
  Alamofire: 5550bf0b575ed1a4bf9be572f9463e1015cc169e
  Gloss: 4393347bea46ac05f2516179da5eb895b485d7d5

COCOAPODS: 0.38.2
